
Microsoft Visual Studio Solution File, Format Version 12.00
# Visual Studio 15
VisualStudioVersion = 15.0.28010.2041
MinimumVisualStudioVersion = 10.0.40219.1
Project("{FAE04EC0-301F-11D3-BF4B-00C04F79EFBC}") = "CertCheck", "CertCheck.csproj", "{D8DFB595-5183-40F2-A061-B68A55E32E2A}"
EndProject
Global
	GlobalSection(SolutionConfigurationPlatforms) = preSolution
		Debug|Any CPU = Debug|Any CPU
		Release|Any CPU = Release|Any CPU
	EndGlobalSection
	GlobalSection(ProjectConfigurationPlatforms) = postSolution
		{D8DFB595-5183-40F2-A061-B68A55E32E2A}.Debug|Any CPU.ActiveCfg = Debug|Any CPU
		{D8DFB595-5183-40F2-A061-B68A55E32E2A}.Debug|Any CPU.Build.0 = Debug|Any CPU
		{D8DFB595-5183-40F2-A061-B68A55E32E2A}.Release|Any CPU.ActiveCfg = Release|Any CPU
		{D8DFB595-5183-40F2-A061-B68A55E32E2A}.Release|Any CPU.Build.0 = Release|Any CPU
	EndGlobalSection
	GlobalSection(SolutionProperties) = preSolution
		HideSolutionNode = FALSE
	EndGlobalSection
	GlobalSection(ExtensibilityGlobals) = postSolution
		SolutionGuid = {634B09BE-C683-4552-9082-C09184B9E877}
	EndGlobalSection
EndGlobal
